github.com/pkg/errors v0.9.1 h1:FEBLx1zS214owpjy7qsBeixbURkuhQAwrK5UwLGTwt4=
github.com/pkg/errors v0.9.1/go.mod h1:bwawxfHBFNV+L2hUp1rHADufV3IMtnDRdf1r5NINEl0=
github.com/xiaoyang-chen/rotate v0.0.6 h1:/N9DbV0aHhiiEwuQETxgT84MYy4ZyadQX8s/AculkJ0=
github.com/xiaoyang-chen/rotate v0.0.6/go.mod h1:GzS5VR6Zuyv8sYox3MNntUgh7nHVziuMtBgyPfSNhjA=
golang.org/x/crypto v0.0.0-20220829220503-c86fa9a7ed90 h1:Y/gsMcFOcR+6S6f3YeMKl5g+dZMEWqcz5Czj/GWYbkM=
golang.org/x/crypto v0.0.0-20220829220503-c86fa9a7ed90/go.mod h1:IxCIyHEi3zRg3s0A5j5BB6A9Jmi73HwBIUl50j+osU4=
golang.org/x/sys v0.0.0-20210903071746-97244b99971b h1:3Dq0eVHn0uaQJmPO+/aYPI/fRMqdrVDbu7MQcku54gg=
golang.org/x/sys v0.0.0-20210903071746-97244b99971b/go.mod h1:oPkhp1MJrh7nUepCBck5+mAzfO9JrbApNNgaTdGDITg=
